
Microsoft Visual Studio Solution File, Format Version 12.00
# Visual Studio 15
VisualStudioVersion = 15.0.28010.2041
MinimumVisualStudioVersion = 10.0.40219.1
Project("{9A19103F-16F7-4668-BE54-9A1E7A4F7556}") = "Marco.Extensions", "src\Marco.Extensions.csproj", "{80DE64CD-D438-4541-BB73-BDD8354FF300}"
EndProject
Global
	GlobalSection(SolutionConfigurationPlatforms) = preSolution
		Debug|Any CPU = Debug|Any CPU
		Release|Any CPU = Release|Any CPU
	EndGlobalSection
	GlobalSection(ProjectConfigurationPlatforms) = postSolution
		{80DE64CD-D438-4541-BB73-BDD8354FF300}.Debug|Any CPU.ActiveCfg = Debug|Any CPU
		{80DE64CD-D438-4541-BB73-BDD8354FF300}.Debug|Any CPU.Build.0 = Debug|Any CPU
		{80DE64CD-D438-4541-BB73-BDD8354FF300}.Release|Any CPU.ActiveCfg = Release|Any CPU
		{80DE64CD-D438-4541-BB73-BDD8354FF300}.Release|Any CPU.Build.0 = Release|Any CPU
	EndGlobalSection
	GlobalSection(SolutionProperties) = preSolution
		HideSolutionNode = FALSE
	EndGlobalSection
	GlobalSection(ExtensibilityGlobals) = postSolution
		SolutionGuid = {672D511C-6DCE-4F92-91CF-8833BA080B08}
	EndGlobalSection
EndGlobal
